
Microsoft Visual Studio Solution File, Format Version 12.00
# Visual Studio Version 17
VisualStudioVersion = 17.12.35527.113
MinimumVisualStudioVersion = 10.0.40219.1
Project("{FAE04EC0-301F-11D3-BF4B-00C04F79EFBC}") = "Stargate.Server", "Stargate.Server\Stargate.Server.csproj", "{DD98A231-D7C1-4DE0-B9CF-E540893BFA46}"
EndProject
Project("{54A90642-561A-4BB1-A94E-469ADEE60C69}") = "stargate.client", "stargate.client\stargate.client.esproj", "{F1DCD85F-8DD4-4B12-B1ED-7BAA8CB025A0}"
EndProject
Project("{FAE04EC0-301F-11D3-BF4B-00C04F79EFBC}") = "StargateTests", "StargateTests\StargateTests.csproj", "{9FFF2E0D-C27D-41DE-95EB-E79A03283C01}"
EndProject
Global
	GlobalSection(SolutionConfigurationPlatforms) = preSolution
		Debug|Any CPU = Debug|Any CPU
		Release|Any CPU = Release|Any CPU
	EndGlobalSection
	GlobalSection(ProjectConfigurationPlatforms) = postSolution
		{DD98A231-D7C1-4DE0-B9CF-E540893BFA46}.Debug|Any CPU.ActiveCfg = Debug|Any CPU
		{DD98A231-D7C1-4DE0-B9CF-E540893BFA46}.Debug|Any CPU.Build.0 = Debug|Any CPU
		{DD98A231-D7C1-4DE0-B9CF-E540893BFA46}.Release|Any CPU.ActiveCfg = Release|Any CPU
		{DD98A231-D7C1-4DE0-B9CF-E540893BFA46}.Release|Any CPU.Build.0 = Release|Any CPU
		{F1DCD85F-8DD4-4B12-B1ED-7BAA8CB025A0}.Debug|Any CPU.ActiveCfg = Debug|Any CPU
		{F1DCD85F-8DD4-4B12-B1ED-7BAA8CB025A0}.Debug|Any CPU.Build.0 = Debug|Any CPU
		{F1DCD85F-8DD4-4B12-B1ED-7BAA8CB025A0}.Debug|Any CPU.Deploy.0 = Debug|Any CPU
		{F1DCD85F-8DD4-4B12-B1ED-7BAA8CB025A0}.Release|Any CPU.ActiveCfg = Release|Any CPU
		{F1DCD85F-8DD4-4B12-B1ED-7BAA8CB025A0}.Release|Any CPU.Build.0 = Release|Any CPU
		{F1DCD85F-8DD4-4B12-B1ED-7BAA8CB025A0}.Release|Any CPU.Deploy.0 = Release|Any CPU
		{9FFF2E0D-C27D-41DE-95EB-E79A03283C01}.Debug|Any CPU.ActiveCfg = Debug|Any CPU
		{9FFF2E0D-C27D-41DE-95EB-E79A03283C01}.Debug|Any CPU.Build.0 = Debug|Any CPU
		{9FFF2E0D-C27D-41DE-95EB-E79A03283C01}.Release|Any CPU.ActiveCfg = Release|Any CPU
		{9FFF2E0D-C27D-41DE-95EB-E79A03283C01}.Release|Any CPU.Build.0 = Release|Any CPU
	EndGlobalSection
	GlobalSection(SolutionProperties) = preSolution
		HideSolutionNode = FALSE
	EndGlobalSection
EndGlobal
